
Microsoft Visual Studio Solution File, Format Version 12.00
# Visual Studio Version 16
VisualStudioVersion = 16.0.30907.101
MinimumVisualStudioVersion = 10.0.40219.1
Project("{FAE04EC0-301F-11D3-BF4B-00C04F79EFBC}") = "Library", "Library\Library.csproj", "{0850AB7F-4A90-40FF-97C6-143B121314A8}"
EndProject
Global
	GlobalSection(SolutionConfigurationPlatforms) = preSolution
		Debug|Any CPU = Debug|Any CPU
		Release|Any CPU = Release|Any CPU
	EndGlobalSection
	GlobalSection(ProjectConfigurationPlatforms) = postSolution
		{0850AB7F-4A90-40FF-97C6-143B121314A8}.Debug|Any CPU.ActiveCfg = Debug|Any CPU
		{0850AB7F-4A90-40FF-97C6-143B121314A8}.Debug|Any CPU.Build.0 = Debug|Any CPU
		{0850AB7F-4A90-40FF-97C6-143B121314A8}.Release|Any CPU.ActiveCfg = Release|Any CPU
		{0850AB7F-4A90-40FF-97C6-143B121314A8}.Release|Any CPU.Build.0 = Release|Any CPU
	EndGlobalSection
	GlobalSection(SolutionProperties) = preSolution
		HideSolutionNode = FALSE
	EndGlobalSection
	GlobalSection(ExtensibilityGlobals) = postSolution
		SolutionGuid = {E807093A-CCCA-4487-9061-72868147AAAA}
	EndGlobalSection
EndGlobal
